
Microsoft Visual Studio Solution File, Format Version 12.00
# Visual Studio Version 17
VisualStudioVersion = 17.3.32929.385
MinimumVisualStudioVersion = 10.0.40219.1
Project("{FAE04EC0-301F-11D3-BF4B-00C04F79EFBC}") = "WindowsFormsPrincipal", "WindowsFormsPrincipal\WindowsFormsPrincipal.csproj", "{9E0B9376-62C4-45A2-9867-47A618914347}"
EndProject
Project("{FAE04EC0-301F-11D3-BF4B-00C04F79EFBC}") = "BLL", "BLL\BLL.csproj", "{0F6CD55B-31D3-40E1-8A21-082927CAEBDB}"
EndProject
Project("{FAE04EC0-301F-11D3-BF4B-00C04F79EFBC}") = "DAL", "DAL\DAL.csproj", "{C56C7205-B0C2-4B66-B87A-C50A211AF616}"
EndProject
Project("{FAE04EC0-301F-11D3-BF4B-00C04F79EFBC}") = "Models", "Models1\Models.csproj", "{F5DA8979-4A5D-40B2-AB40-5BF373E9AC7E}"
EndProject
Global
	GlobalSection(SolutionConfigurationPlatforms) = preSolution
		Debug|Any CPU = Debug|Any CPU
		Release|Any CPU = Release|Any CPU
	EndGlobalSection
	GlobalSection(ProjectConfigurationPlatforms) = postSolution
		{9E0B9376-62C4-45A2-9867-47A618914347}.Debug|Any CPU.ActiveCfg = Debug|Any CPU
		{9E0B9376-62C4-45A2-9867-47A618914347}.Debug|Any CPU.Build.0 = Debug|Any CPU
		{9E0B9376-62C4-45A2-9867-47A618914347}.Release|Any CPU.ActiveCfg = Release|Any CPU
		{9E0B9376-62C4-45A2-9867-47A618914347}.Release|Any CPU.Build.0 = Release|Any CPU
		{0F6CD55B-31D3-40E1-8A21-082927CAEBDB}.Debug|Any CPU.ActiveCfg = Debug|Any CPU
		{0F6CD55B-31D3-40E1-8A21-082927CAEBDB}.Debug|Any CPU.Build.0 = Debug|Any CPU
		{0F6CD55B-31D3-40E1-8A21-082927CAEBDB}.Release|Any CPU.ActiveCfg = Release|Any CPU
		{0F6CD55B-31D3-40E1-8A21-082927CAEBDB}.Release|Any CPU.Build.0 = Release|Any CPU
		{C56C7205-B0C2-4B66-B87A-C50A211AF616}.Debug|Any CPU.ActiveCfg = Debug|Any CPU
		{C56C7205-B0C2-4B66-B87A-C50A211AF616}.Debug|Any CPU.Build.0 = Debug|Any CPU
		{C56C7205-B0C2-4B66-B87A-C50A211AF616}.Release|Any CPU.ActiveCfg = Release|Any CPU
		{C56C7205-B0C2-4B66-B87A-C50A211AF616}.Release|Any CPU.Build.0 = Release|Any CPU
		{F5DA8979-4A5D-40B2-AB40-5BF373E9AC7E}.Debug|Any CPU.ActiveCfg = Debug|Any CPU
		{F5DA8979-4A5D-40B2-AB40-5BF373E9AC7E}.Debug|Any CPU.Build.0 = Debug|Any CPU
		{F5DA8979-4A5D-40B2-AB40-5BF373E9AC7E}.Release|Any CPU.ActiveCfg = Release|Any CPU
		{F5DA8979-4A5D-40B2-AB40-5BF373E9AC7E}.Release|Any CPU.Build.0 = Release|Any CPU
	EndGlobalSection
	GlobalSection(SolutionProperties) = preSolution
		HideSolutionNode = FALSE
	EndGlobalSection
	GlobalSection(ExtensibilityGlobals) = postSolution
		SolutionGuid = {60E35A74-48DF-4CE5-8E3C-22E351385DDE}
	EndGlobalSection
EndGlobal
