
Microsoft Visual Studio Solution File, Format Version 12.00
# Visual Studio Version 17
VisualStudioVersion = 17.3.32929.385
MinimumVisualStudioVersion = 10.0.40219.1
Project("{FAE04EC0-301F-11D3-BF4B-00C04F79EFBC}") = "Models", "Models\Models.csproj", "{794F5B7F-8322-4A16-9EF2-E359A1C722BA}"
EndProject
Project("{FAE04EC0-301F-11D3-BF4B-00C04F79EFBC}") = "DAL", "DAL\DAL.csproj", "{CAD003A9-8BF3-41C7-BA98-5F94FBC098BC}"
EndProject
Project("{FAE04EC0-301F-11D3-BF4B-00C04F79EFBC}") = "BLL", "BLL\BLL.csproj", "{61DE0591-D0BA-4BA3-A567-E6DB3FCF5981}"
EndProject
Project("{FAE04EC0-301F-11D3-BF4B-00C04F79EFBC}") = "WindowsFormsAppGestaoHotel", "WindowsFormsAppGestaoHotel\WindowsFormsAppGestaoHotel.csproj", "{F553A28C-B657-4ADB-9BB1-DCDF67E1C9F1}"
EndProject
Project("{FAE04EC0-301F-11D3-BF4B-00C04F79EFBC}") = "Infra", "Infra\Infra.csproj", "{21D3A15D-FCD0-4586-A1F8-F8A2F25A07E0}"
EndProject
Project("{FAE04EC0-301F-11D3-BF4B-00C04F79EFBC}") = "ComponentesDesktop", "ComponentesDesktop\ComponentesDesktop.csproj", "{ED23EB53-5F1F-4D47-9107-4F29FA46BB8A}"
EndProject
Global
	GlobalSection(SolutionConfigurationPlatforms) = preSolution
		Debug|Any CPU = Debug|Any CPU
		Release|Any CPU = Release|Any CPU
	EndGlobalSection
	GlobalSection(ProjectConfigurationPlatforms) = postSolution
		{794F5B7F-8322-4A16-9EF2-E359A1C722BA}.Debug|Any CPU.ActiveCfg = Debug|Any CPU
		{794F5B7F-8322-4A16-9EF2-E359A1C722BA}.Debug|Any CPU.Build.0 = Debug|Any CPU
		{794F5B7F-8322-4A16-9EF2-E359A1C722BA}.Release|Any CPU.ActiveCfg = Release|Any CPU
		{794F5B7F-8322-4A16-9EF2-E359A1C722BA}.Release|Any CPU.Build.0 = Release|Any CPU
		{CAD003A9-8BF3-41C7-BA98-5F94FBC098BC}.Debug|Any CPU.ActiveCfg = Debug|Any CPU
		{CAD003A9-8BF3-41C7-BA98-5F94FBC098BC}.Debug|Any CPU.Build.0 = Debug|Any CPU
		{CAD003A9-8BF3-41C7-BA98-5F94FBC098BC}.Release|Any CPU.ActiveCfg = Release|Any CPU
		{CAD003A9-8BF3-41C7-BA98-5F94FBC098BC}.Release|Any CPU.Build.0 = Release|Any CPU
		{61DE0591-D0BA-4BA3-A567-E6DB3FCF5981}.Debug|Any CPU.ActiveCfg = Debug|Any CPU
		{61DE0591-D0BA-4BA3-A567-E6DB3FCF5981}.Debug|Any CPU.Build.0 = Debug|Any CPU
		{61DE0591-D0BA-4BA3-A567-E6DB3FCF5981}.Release|Any CPU.ActiveCfg = Release|Any CPU
		{61DE0591-D0BA-4BA3-A567-E6DB3FCF5981}.Release|Any CPU.Build.0 = Release|Any CPU
		{F553A28C-B657-4ADB-9BB1-DCDF67E1C9F1}.Debug|Any CPU.ActiveCfg = Debug|Any CPU
		{F553A28C-B657-4ADB-9BB1-DCDF67E1C9F1}.Debug|Any CPU.Build.0 = Debug|Any CPU
		{F553A28C-B657-4ADB-9BB1-DCDF67E1C9F1}.Release|Any CPU.ActiveCfg = Release|Any CPU
		{F553A28C-B657-4ADB-9BB1-DCDF67E1C9F1}.Release|Any CPU.Build.0 = Release|Any CPU
		{21D3A15D-FCD0-4586-A1F8-F8A2F25A07E0}.Debug|Any CPU.ActiveCfg = Debug|Any CPU
		{21D3A15D-FCD0-4586-A1F8-F8A2F25A07E0}.Debug|Any CPU.Build.0 = Debug|Any CPU
		{21D3A15D-FCD0-4586-A1F8-F8A2F25A07E0}.Release|Any CPU.ActiveCfg = Release|Any CPU
		{21D3A15D-FCD0-4586-A1F8-F8A2F25A07E0}.Release|Any CPU.Build.0 = Release|Any CPU
		{ED23EB53-5F1F-4D47-9107-4F29FA46BB8A}.Debug|Any CPU.ActiveCfg = Debug|Any CPU
		{ED23EB53-5F1F-4D47-9107-4F29FA46BB8A}.Debug|Any CPU.Build.0 = Debug|Any CPU
		{ED23EB53-5F1F-4D47-9107-4F29FA46BB8A}.Release|Any CPU.ActiveCfg = Release|Any CPU
		{ED23EB53-5F1F-4D47-9107-4F29FA46BB8A}.Release|Any CPU.Build.0 = Release|Any CPU
	EndGlobalSection
	GlobalSection(SolutionProperties) = preSolution
		HideSolutionNode = FALSE
	EndGlobalSection
	GlobalSection(ExtensibilityGlobals) = postSolution
		SolutionGuid = {60E35A74-48DF-4CE5-8E3C-22E351385DDE}
	EndGlobalSection
EndGlobal
